{
  "version": 1,
  "dependencies": {
    ".NETStandard,Version=v2.0": {
      "FSharp.Core": {
        "type": "Direct",
        "requested": "[6.0.2, )",
        "resolved": "6.0.2",
        "contentHash": "8GZqv6buY71KQlWT+cl2eMi+aNX9xQ61RgI3Pzv9zPxPOX6tWCLRrBj0MYQ3h871r2RhiHUl7f0AXUD/POr8eA=="
      },
      "NETStandard.Library": {
        "type": "Direct",
        "requested": "[2.0.3, )",
        "resolved": "2.0.3",
        "contentHash": "st47PosZSHrjECdjeIzZQbzivYBJFv6P2nv4cj2ypdI204DO+vZ7l5raGMiX4eXMJ53RfOIg+/s4DHVZ54Nu2A==",
        "dependencies": {
          "Microsoft.NETCore.Platforms": "1.1.0"
        }
      },
      "Fable.Core": {
        "type": "Transitive",
        "resolved": "3.6.2",
        "contentHash": "2djeYq1kZvwfYWUYvFAniS3PC8/4G27xHynsF7cALkjTqIfTYj9LM7PqHhnnxa1hs4X0wwm5p+UK94aMbDvJBA=="
      },
      "Fable.Node": {
        "type": "Transitive",
        "resolved": "1.2.0",
        "contentHash": "FVUFFcryE6pldYopULB+mpRtE6cmlG1evvVE9wDB0O8JKWLGrStHmNF4fqn7cyN1j2ufsvlPcw88PqoCt2OGuQ==",
        "dependencies": {
          "FSharp.Core": "5.0.0",
          "Fable.Core": "3.1.2"
        }
      },
      "Fable.Promise": {
        "type": "Transitive",
        "resolved": "3.1.3",
        "contentHash": "8XQ1SCXKi8o607Oue5ea09LpIGOM1v2NLGqRuSL0qfkD1A6wUiJegur81/gDawhNyqns4sx/V+Bmwpu3/6NtOA==",
        "dependencies": {
          "FSharp.Core": "4.7.2",
          "Fable.Core": "3.1.5"
        }
      },
      "Fable.RegexProvider": {
        "type": "Transitive",
        "resolved": "1.0.0",
        "contentHash": "jrh8nhksBef3zhn30VRL/j9ZoXvXxFRw+iRkUqxmM4Yu/2FYCTtvpgONJ4UYUtPeEfRaDooZkFdATPnfwN+AEQ==",
        "dependencies": {
          "FSharp.Core": "4.7.1"
        }
      },
      "FSharp.Control.AsyncRx": {
        "type": "Transitive",
        "resolved": "1.6.3",
        "contentHash": "386BL+JhYT5vKJrf8+LYOHjAyJ1dzv6RBoV2ao8vQ3NVTqgqeq5pCR25M7q9M1dfUjrByuv8sMoMwinj4JLy6g==",
        "dependencies": {
          "FSharp.Core": "[4.7.2, 5.0.0)"
        }
      },
      "Microsoft.NETCore.Platforms": {
        "type": "Transitive",
        "resolved": "1.1.0",
        "contentHash": "kz0PEW2lhqygehI/d6XsPCQzD7ff7gUJaVGPVETX611eadGsA3A877GdSlU0LRVMCTH/+P3o2iDTak+S08V2+A=="
      },
      "lib": {
        "type": "Project",
        "dependencies": {
          "FSharp.Control.AsyncRx": "1.6.3",
          "FSharp.Core": "6.0.2",
          "Fable.Core": "3.6.2",
          "Fable.Node": "1.2.0",
          "Fable.Promise": "3.1.3",
          "Fable.RegexProvider": "1.0.0"
        }
      }
    }
  }
}